
Microsoft Visual Studio Solution File, Format Version 12.00
# Visual Studio Version 17
VisualStudioVersion = 17.0.31903.59
MinimumVisualStudioVersion = 10.0.40219.1
Project("{FAE04EC0-301F-11D3-BF4B-00C04F79EFBC}") = "Digst.OioIdws.Soap", "WspExamples\Digst.OioIdws.Soap\Digst.OioIdws.Soap.csproj", "{1DC7EA39-865D-4386-A814-9062441056FE}"
EndProject
Project("{FAE04EC0-301F-11D3-BF4B-00C04F79EFBC}") = "Digst.OioIdws.Wsp", "WspExamples\Digst.OioIdws.Wsp\Digst.OioIdws.Wsp.csproj", "{BB72FF55-203D-4908-A396-1BF223473F3D}"
EndProject
Project("{2150E333-8FDC-42A3-9474-1A3956D46DE8}") = "WspExamples", "WspExamples", "{0F04E164-8FAA-4DC7-AC3D-4EA585E7BB94}"
EndProject
Project("{FAE04EC0-301F-11D3-BF4B-00C04F79EFBC}") = "Digst.OioIdws.WspExample", "WspExamples\Digst.OioIdws.WspExample\Digst.OioIdws.WspExample.csproj", "{5B3CA328-4AFC-4F8E-BE25-75AACCFF5D54}"
EndProject
Project("{FAE04EC0-301F-11D3-BF4B-00C04F79EFBC}") = "Digst.OioIdws.Common", "WspExamples\Digst.OioIdws.Common\Digst.OioIdws.Common.csproj", "{90C95503-CDA6-46E1-91AF-3A52D04DBCC3}"
EndProject
Project("{FAE04EC0-301F-11D3-BF4B-00C04F79EFBC}") = "Digst.OioIdws.Wsp.Wsdl", "WspExamples\Digst.OioIdws.Wsp.Wsdl\Digst.OioIdws.Wsp.Wsdl.csproj", "{4535C5E6-A44E-4952-8EDB-BA207B16B8A8}"
EndProject
Project("{9A19103F-16F7-4668-BE54-9A1E7A4F7556}") = "Digst.OioIdws.OioWsTrustCore", "Source\Digst.OioIdws.OioWsTrustCore\Digst.OioIdws.OioWsTrustCore.csproj", "{4CE1ABCC-AFB2-4C15-A5EF-5A01F4A1F7A6}"
EndProject
Project("{9A19103F-16F7-4668-BE54-9A1E7A4F7556}") = "Digst.OioIdws.CommonCore", "Source\Digst.OioIdws.CommonCore\Digst.OioIdws.CommonCore.csproj", "{85046FC6-FD74-4663-9C4C-97B7851567A3}"
EndProject
Project("{9A19103F-16F7-4668-BE54-9A1E7A4F7556}") = "Digst.OioIdws.SoapCore", "Source\Digst.OioIdws.SoapCore\Digst.OioIdws.SoapCore.csproj", "{9D56F9DF-226A-42BD-8A4F-167420B5D8A1}"
EndProject
Project("{9A19103F-16F7-4668-BE54-9A1E7A4F7556}") = "Digst.OioIdws.WscCore", "Source\Digst.OioIdws.WscCore\Digst.OioIdws.WscCore.csproj", "{F850AEA2-ED3A-4E43-89F9-00591DA6EAC6}"
EndProject
Project("{9A19103F-16F7-4668-BE54-9A1E7A4F7556}") = "Digst.OioIdws.WscExampleCore", "Examples\Digst.OioIdws.WscExampleCore\Digst.OioIdws.WscExampleCore.csproj", "{05B87731-46F3-4949-A223-CE71470DB8C2}"
EndProject
Project("{9A19103F-16F7-4668-BE54-9A1E7A4F7556}") = "Digst.OioIdws.WscLocalTokenExampleCore", "Examples\Digst.OioIdws.WscLocalTokenExampleCore\Digst.OioIdws.WscLocalTokenExampleCore.csproj", "{97D8861D-22B2-4F78-ACFA-82F523C1BE25}"
EndProject
Project("{2150E333-8FDC-42A3-9474-1A3956D46DE8}") = "Examples.Core", "Examples.Core", "{FF94AFC1-0D4E-4BDB-93CD-E831E0EBC8E7}"
EndProject
Project("{2150E333-8FDC-42A3-9474-1A3956D46DE8}") = "Source.Core", "Source.Core", "{1961554B-B5C8-4360-B3DE-823A0EDE24FA}"
EndProject
Project("{9A19103F-16F7-4668-BE54-9A1E7A4F7556}") = "Digst.OioIdws.SoapCore.Test", "Tests\Digst.OioIdws.SoapCore.Test\Digst.OioIdws.SoapCore.Test.csproj", "{59E1259B-AB2A-43A9-AAF9-FE38148E9F76}"
EndProject
Project("{2150E333-8FDC-42A3-9474-1A3956D46DE8}") = "Test.Core", "Test.Core", "{B68EEFE2-38F9-43AF-AF3B-FAA504B35CC7}"
EndProject
Project("{9A19103F-16F7-4668-BE54-9A1E7A4F7556}") = "Digst.OioIdws.WscProxyOBOExampleCore", "Examples\Digst.OioIdws.WscProxyOBOExampleCore\Digst.OioIdws.WscProxyOBOExampleCore.csproj", "{DD9D606C-DD15-43C6-AE69-E389DD039436}"
EndProject
Project("{9A19103F-16F7-4668-BE54-9A1E7A4F7556}") = "Digst.OioIdws.IntegrationTests", "Tests\Digst.OioIdws.IntegrationTests\Digst.OioIdws.IntegrationTests.csproj", "{E72CEFAC-276E-46D7-88F9-9CFE292C9241}"
EndProject
Project("{9A19103F-16F7-4668-BE54-9A1E7A4F7556}") = "Digst.OioIdws.OioWsTrustCore.Test", "Tests\Digst.OioIdws.OioWsTrustCore.Test\Digst.OioIdws.OioWsTrustCore.Test.csproj", "{1E1CBE19-40E9-4FE2-8481-F9DE5BB2FD8B}"
EndProject
Project("{9A19103F-16F7-4668-BE54-9A1E7A4F7556}") = "Digst.OioIdws.Common.TestUtils", "Tests\Digst.OioIdws.Common.TestUtils\Digst.OioIdws.Common.TestUtils.csproj", "{6A3CDD73-DFBF-4687-B439-5A37800682C9}"
EndProject
Project("{9A19103F-16F7-4668-BE54-9A1E7A4F7556}") = "Digst.OioIdws.DotnetCoreWscJavaWspExample", "Examples\Digst.OioIdws.DotnetCoreWscJavaWspExample\Digst.OioIdws.DotnetCoreWscJavaWspExample.csproj", "{E525FB41-E57E-4299-B2B7-83F213A1B816}"
EndProject
Project("{9A19103F-16F7-4668-BE54-9A1E7A4F7556}") = "Digst.OioIdws.WscExampleCoreNuGet", "Examples\Digst.OioIdws.WscExampleCoreNuGet\Digst.OioIdws.WscExampleCoreNuGet.csproj", "{A8926C51-BBB1-45D7-8ED6-F78CF7476A17}"
EndProject
Project("{9A19103F-16F7-4668-BE54-9A1E7A4F7556}") = "Digst.OioIdws.WscExampleCommon", "Examples\Digst.OioIdws.WscExampleCommon\Digst.OioIdws.WscExampleCommon.csproj", "{00F8A335-B3B1-4CCD-97B4-36AA022CB658}"
EndProject
Project("{2150E333-8FDC-42A3-9474-1A3956D46DE8}") = "Docs", "Docs", "{FE81FDC6-9139-491D-9700-DEB3F057F487}"
	ProjectSection(SolutionItems) = preProject
		DEVELOPER-NOTES.md = DEVELOPER-NOTES.md
		README.md = README.md
		docs\How-to-use-Digst.OioIdws.Core.md = docs\How-to-use-Digst.OioIdws.Core.md
	EndProjectSection
EndProject
Project("{FAE04EC0-301F-11D3-BF4B-00C04F79EFBC}") = "Digst.OioIdws.WspSvcExample", "WspExamples\Digst.OioIdws.WspSvcExample\Digst.OioIdws.WspSvcExample.csproj", "{140F8768-AD8A-43BB-81F7-E925C85C4026}"
EndProject
Project("{2150E333-8FDC-42A3-9474-1A3956D46DE8}") = "Build", "Build", "{D85D3708-6B47-4517-93AE-E7AA403AC454}"
	ProjectSection(SolutionItems) = preProject
		Build\BuildPackages.ps1 = Build\BuildPackages.ps1
	EndProjectSection
EndProject
Project("{2150E333-8FDC-42A3-9474-1A3956D46DE8}") = "Setup", "Setup", "{7DB9F068-D6F7-47E9-9FD3-1840F8122647}"
	ProjectSection(SolutionItems) = preProject
		Setup\create_certificate_prerequisites.ps1 = Setup\create_certificate_prerequisites.ps1
		Setup\create_trust.cmd = Setup\create_trust.cmd
		Setup\functions.ps1 = Setup\functions.ps1
		Setup\setup_prerequisites.ps1 = Setup\setup_prerequisites.ps1
	EndProjectSection
EndProject
Project("{9A19103F-16F7-4668-BE54-9A1E7A4F7556}") = "Digst.OioIdws.WscExampleCoreWithCode", "Examples\Digst.OioIdws.WscExampleCoreWithCode\Digst.OioIdws.WscExampleCoreWithCode.csproj", "{35D1CB6F-6E10-49B7-926B-A37B07777F1A}"
EndProject
Project("{9A19103F-16F7-4668-BE54-9A1E7A4F7556}") = "Digst.OioIdws.CommonCore.Test", "Tests\Digst.OioIdws.CommonCore.Test\Digst.OioIdws.CommonCore.Test.csproj", "{DCC1EC28-B32D-474E-BF38-227A031EF10C}"
EndProject
Global
	GlobalSection(SolutionConfigurationPlatforms) = preSolution
		Debug|Any CPU = Debug|Any CPU
		Debug|x64 = Debug|x64
		MSI|Any CPU = MSI|Any CPU
		MSI|x64 = MSI|x64
		Release|Any CPU = Release|Any CPU
		Release|x64 = Release|x64
		Release64|Any CPU = Release64|Any CPU
		Release64|x64 = Release64|x64
	EndGlobalSection
	GlobalSection(ProjectConfigurationPlatforms) = postSolution
		{1DC7EA39-865D-4386-A814-9062441056FE}.Debug|Any CPU.ActiveCfg = Debug|Any CPU
		{1DC7EA39-865D-4386-A814-9062441056FE}.Debug|Any CPU.Build.0 = Debug|Any CPU
		{1DC7EA39-865D-4386-A814-9062441056FE}.Debug|x64.ActiveCfg = Debug|Any CPU
		{1DC7EA39-865D-4386-A814-9062441056FE}.Debug|x64.Build.0 = Debug|Any CPU
		{1DC7EA39-865D-4386-A814-9062441056FE}.MSI|Any CPU.ActiveCfg = Release|Any CPU
		{1DC7EA39-865D-4386-A814-9062441056FE}.MSI|Any CPU.Build.0 = Release|Any CPU
		{1DC7EA39-865D-4386-A814-9062441056FE}.MSI|x64.ActiveCfg = Release|Any CPU
		{1DC7EA39-865D-4386-A814-9062441056FE}.MSI|x64.Build.0 = Release|Any CPU
		{1DC7EA39-865D-4386-A814-9062441056FE}.Release|Any CPU.ActiveCfg = Release|Any CPU
		{1DC7EA39-865D-4386-A814-9062441056FE}.Release|Any CPU.Build.0 = Release|Any CPU
		{1DC7EA39-865D-4386-A814-9062441056FE}.Release|x64.ActiveCfg = Release|Any CPU
		{1DC7EA39-865D-4386-A814-9062441056FE}.Release|x64.Build.0 = Release|Any CPU
		{1DC7EA39-865D-4386-A814-9062441056FE}.Release64|Any CPU.ActiveCfg = Release|Any CPU
		{1DC7EA39-865D-4386-A814-9062441056FE}.Release64|Any CPU.Build.0 = Release|Any CPU
		{1DC7EA39-865D-4386-A814-9062441056FE}.Release64|x64.ActiveCfg = Release|Any CPU
		{1DC7EA39-865D-4386-A814-9062441056FE}.Release64|x64.Build.0 = Release|Any CPU
		{BB72FF55-203D-4908-A396-1BF223473F3D}.Debug|Any CPU.ActiveCfg = Debug|Any CPU
		{BB72FF55-203D-4908-A396-1BF223473F3D}.Debug|Any CPU.Build.0 = Debug|Any CPU
		{BB72FF55-203D-4908-A396-1BF223473F3D}.Debug|x64.ActiveCfg = Debug|Any CPU
		{BB72FF55-203D-4908-A396-1BF223473F3D}.Debug|x64.Build.0 = Debug|Any CPU
		{BB72FF55-203D-4908-A396-1BF223473F3D}.MSI|Any CPU.ActiveCfg = Release|Any CPU
		{BB72FF55-203D-4908-A396-1BF223473F3D}.MSI|Any CPU.Build.0 = Release|Any CPU
		{BB72FF55-203D-4908-A396-1BF223473F3D}.MSI|x64.ActiveCfg = Release|Any CPU
		{BB72FF55-203D-4908-A396-1BF223473F3D}.MSI|x64.Build.0 = Release|Any CPU
		{BB72FF55-203D-4908-A396-1BF223473F3D}.Release|Any CPU.ActiveCfg = Release|Any CPU
		{BB72FF55-203D-4908-A396-1BF223473F3D}.Release|Any CPU.Build.0 = Release|Any CPU
		{BB72FF55-203D-4908-A396-1BF223473F3D}.Release|x64.ActiveCfg = Release|Any CPU
		{BB72FF55-203D-4908-A396-1BF223473F3D}.Release|x64.Build.0 = Release|Any CPU
		{BB72FF55-203D-4908-A396-1BF223473F3D}.Release64|Any CPU.ActiveCfg = Release|Any CPU
		{BB72FF55-203D-4908-A396-1BF223473F3D}.Release64|Any CPU.Build.0 = Release|Any CPU
		{BB72FF55-203D-4908-A396-1BF223473F3D}.Release64|x64.ActiveCfg = Release|Any CPU
		{BB72FF55-203D-4908-A396-1BF223473F3D}.Release64|x64.Build.0 = Release|Any CPU
		{5B3CA328-4AFC-4F8E-BE25-75AACCFF5D54}.Debug|Any CPU.ActiveCfg = Debug|Any CPU
		{5B3CA328-4AFC-4F8E-BE25-75AACCFF5D54}.Debug|Any CPU.Build.0 = Debug|Any CPU
		{5B3CA328-4AFC-4F8E-BE25-75AACCFF5D54}.Debug|x64.ActiveCfg = Debug|Any CPU
		{5B3CA328-4AFC-4F8E-BE25-75AACCFF5D54}.Debug|x64.Build.0 = Debug|Any CPU
		{5B3CA328-4AFC-4F8E-BE25-75AACCFF5D54}.MSI|Any CPU.ActiveCfg = Release|Any CPU
		{5B3CA328-4AFC-4F8E-BE25-75AACCFF5D54}.MSI|Any CPU.Build.0 = Release|Any CPU
		{5B3CA328-4AFC-4F8E-BE25-75AACCFF5D54}.MSI|x64.ActiveCfg = Release|Any CPU
		{5B3CA328-4AFC-4F8E-BE25-75AACCFF5D54}.MSI|x64.Build.0 = Release|Any CPU
		{5B3CA328-4AFC-4F8E-BE25-75AACCFF5D54}.Release|Any CPU.ActiveCfg = Release|Any CPU
		{5B3CA328-4AFC-4F8E-BE25-75AACCFF5D54}.Release|Any CPU.Build.0 = Release|Any CPU
		{5B3CA328-4AFC-4F8E-BE25-75AACCFF5D54}.Release|x64.ActiveCfg = Release|Any CPU
		{5B3CA328-4AFC-4F8E-BE25-75AACCFF5D54}.Release|x64.Build.0 = Release|Any CPU
		{5B3CA328-4AFC-4F8E-BE25-75AACCFF5D54}.Release64|Any CPU.ActiveCfg = Release|Any CPU
		{5B3CA328-4AFC-4F8E-BE25-75AACCFF5D54}.Release64|Any CPU.Build.0 = Release|Any CPU
		{5B3CA328-4AFC-4F8E-BE25-75AACCFF5D54}.Release64|x64.ActiveCfg = Release|Any CPU
		{5B3CA328-4AFC-4F8E-BE25-75AACCFF5D54}.Release64|x64.Build.0 = Release|Any CPU
		{90C95503-CDA6-46E1-91AF-3A52D04DBCC3}.Debug|Any CPU.ActiveCfg = Debug|Any CPU
		{90C95503-CDA6-46E1-91AF-3A52D04DBCC3}.Debug|Any CPU.Build.0 = Debug|Any CPU
		{90C95503-CDA6-46E1-91AF-3A52D04DBCC3}.Debug|x64.ActiveCfg = Debug|Any CPU
		{90C95503-CDA6-46E1-91AF-3A52D04DBCC3}.Debug|x64.Build.0 = Debug|Any CPU
		{90C95503-CDA6-46E1-91AF-3A52D04DBCC3}.MSI|Any CPU.ActiveCfg = Release|Any CPU
		{90C95503-CDA6-46E1-91AF-3A52D04DBCC3}.MSI|Any CPU.Build.0 = Release|Any CPU
		{90C95503-CDA6-46E1-91AF-3A52D04DBCC3}.MSI|x64.ActiveCfg = Release|Any CPU
		{90C95503-CDA6-46E1-91AF-3A52D04DBCC3}.MSI|x64.Build.0 = Release|Any CPU
		{90C95503-CDA6-46E1-91AF-3A52D04DBCC3}.Release|Any CPU.ActiveCfg = Release|Any CPU
		{90C95503-CDA6-46E1-91AF-3A52D04DBCC3}.Release|Any CPU.Build.0 = Release|Any CPU
		{90C95503-CDA6-46E1-91AF-3A52D04DBCC3}.Release|x64.ActiveCfg = Release|Any CPU
		{90C95503-CDA6-46E1-91AF-3A52D04DBCC3}.Release|x64.Build.0 = Release|Any CPU
		{90C95503-CDA6-46E1-91AF-3A52D04DBCC3}.Release64|Any CPU.ActiveCfg = Release|Any CPU
		{90C95503-CDA6-46E1-91AF-3A52D04DBCC3}.Release64|Any CPU.Build.0 = Release|Any CPU
		{90C95503-CDA6-46E1-91AF-3A52D04DBCC3}.Release64|x64.ActiveCfg = Release|Any CPU
		{90C95503-CDA6-46E1-91AF-3A52D04DBCC3}.Release64|x64.Build.0 = Release|Any CPU
		{4535C5E6-A44E-4952-8EDB-BA207B16B8A8}.Debug|Any CPU.ActiveCfg = Debug|Any CPU
		{4535C5E6-A44E-4952-8EDB-BA207B16B8A8}.Debug|Any CPU.Build.0 = Debug|Any CPU
		{4535C5E6-A44E-4952-8EDB-BA207B16B8A8}.Debug|x64.ActiveCfg = Debug|Any CPU
		{4535C5E6-A44E-4952-8EDB-BA207B16B8A8}.Debug|x64.Build.0 = Debug|Any CPU
		{4535C5E6-A44E-4952-8EDB-BA207B16B8A8}.MSI|Any CPU.ActiveCfg = Release|Any CPU
		{4535C5E6-A44E-4952-8EDB-BA207B16B8A8}.MSI|Any CPU.Build.0 = Release|Any CPU
		{4535C5E6-A44E-4952-8EDB-BA207B16B8A8}.MSI|x64.ActiveCfg = Release|Any CPU
		{4535C5E6-A44E-4952-8EDB-BA207B16B8A8}.MSI|x64.Build.0 = Release|Any CPU
		{4535C5E6-A44E-4952-8EDB-BA207B16B8A8}.Release|Any CPU.ActiveCfg = Release|Any CPU
		{4535C5E6-A44E-4952-8EDB-BA207B16B8A8}.Release|Any CPU.Build.0 = Release|Any CPU
		{4535C5E6-A44E-4952-8EDB-BA207B16B8A8}.Release|x64.ActiveCfg = Release|Any CPU
		{4535C5E6-A44E-4952-8EDB-BA207B16B8A8}.Release|x64.Build.0 = Release|Any CPU
		{4535C5E6-A44E-4952-8EDB-BA207B16B8A8}.Release64|Any CPU.ActiveCfg = Release|Any CPU
		{4535C5E6-A44E-4952-8EDB-BA207B16B8A8}.Release64|Any CPU.Build.0 = Release|Any CPU
		{4535C5E6-A44E-4952-8EDB-BA207B16B8A8}.Release64|x64.ActiveCfg = Release|Any CPU
		{4535C5E6-A44E-4952-8EDB-BA207B16B8A8}.Release64|x64.Build.0 = Release|Any CPU
		{4CE1ABCC-AFB2-4C15-A5EF-5A01F4A1F7A6}.Debug|Any CPU.ActiveCfg = Debug|Any CPU
		{4CE1ABCC-AFB2-4C15-A5EF-5A01F4A1F7A6}.Debug|Any CPU.Build.0 = Debug|Any CPU
		{4CE1ABCC-AFB2-4C15-A5EF-5A01F4A1F7A6}.Debug|x64.ActiveCfg = Debug|Any CPU
		{4CE1ABCC-AFB2-4C15-A5EF-5A01F4A1F7A6}.Debug|x64.Build.0 = Debug|Any CPU
		{4CE1ABCC-AFB2-4C15-A5EF-5A01F4A1F7A6}.MSI|Any CPU.ActiveCfg = Debug|Any CPU
		{4CE1ABCC-AFB2-4C15-A5EF-5A01F4A1F7A6}.MSI|Any CPU.Build.0 = Debug|Any CPU
		{4CE1ABCC-AFB2-4C15-A5EF-5A01F4A1F7A6}.MSI|x64.ActiveCfg = Debug|Any CPU
		{4CE1ABCC-AFB2-4C15-A5EF-5A01F4A1F7A6}.MSI|x64.Build.0 = Debug|Any CPU
		{4CE1ABCC-AFB2-4C15-A5EF-5A01F4A1F7A6}.Release|Any CPU.ActiveCfg = Release|Any CPU
		{4CE1ABCC-AFB2-4C15-A5EF-5A01F4A1F7A6}.Release|Any CPU.Build.0 = Release|Any CPU
		{4CE1ABCC-AFB2-4C15-A5EF-5A01F4A1F7A6}.Release|x64.ActiveCfg = Release|Any CPU
		{4CE1ABCC-AFB2-4C15-A5EF-5A01F4A1F7A6}.Release|x64.Build.0 = Release|Any CPU
		{4CE1ABCC-AFB2-4C15-A5EF-5A01F4A1F7A6}.Release64|Any CPU.ActiveCfg = Release|Any CPU
		{4CE1ABCC-AFB2-4C15-A5EF-5A01F4A1F7A6}.Release64|Any CPU.Build.0 = Release|Any CPU
		{4CE1ABCC-AFB2-4C15-A5EF-5A01F4A1F7A6}.Release64|x64.ActiveCfg = Release|Any CPU
		{4CE1ABCC-AFB2-4C15-A5EF-5A01F4A1F7A6}.Release64|x64.Build.0 = Release|Any CPU
		{85046FC6-FD74-4663-9C4C-97B7851567A3}.Debug|Any CPU.ActiveCfg = Debug|Any CPU
		{85046FC6-FD74-4663-9C4C-97B7851567A3}.Debug|Any CPU.Build.0 = Debug|Any CPU
		{85046FC6-FD74-4663-9C4C-97B7851567A3}.Debug|x64.ActiveCfg = Debug|Any CPU
		{85046FC6-FD74-4663-9C4C-97B7851567A3}.Debug|x64.Build.0 = Debug|Any CPU
		{85046FC6-FD74-4663-9C4C-97B7851567A3}.MSI|Any CPU.ActiveCfg = Debug|Any CPU
		{85046FC6-FD74-4663-9C4C-97B7851567A3}.MSI|Any CPU.Build.0 = Debug|Any CPU
		{85046FC6-FD74-4663-9C4C-97B7851567A3}.MSI|x64.ActiveCfg = Debug|Any CPU
		{85046FC6-FD74-4663-9C4C-97B7851567A3}.MSI|x64.Build.0 = Debug|Any CPU
		{85046FC6-FD74-4663-9C4C-97B7851567A3}.Release|Any CPU.ActiveCfg = Release|Any CPU
		{85046FC6-FD74-4663-9C4C-97B7851567A3}.Release|Any CPU.Build.0 = Release|Any CPU
		{85046FC6-FD74-4663-9C4C-97B7851567A3}.Release|x64.ActiveCfg = Release|Any CPU
		{85046FC6-FD74-4663-9C4C-97B7851567A3}.Release|x64.Build.0 = Release|Any CPU
		{85046FC6-FD74-4663-9C4C-97B7851567A3}.Release64|Any CPU.ActiveCfg = Release|Any CPU
		{85046FC6-FD74-4663-9C4C-97B7851567A3}.Release64|Any CPU.Build.0 = Release|Any CPU
		{85046FC6-FD74-4663-9C4C-97B7851567A3}.Release64|x64.ActiveCfg = Release|Any CPU
		{85046FC6-FD74-4663-9C4C-97B7851567A3}.Release64|x64.Build.0 = Release|Any CPU
		{9D56F9DF-226A-42BD-8A4F-167420B5D8A1}.Debug|Any CPU.ActiveCfg = Debug|Any CPU
		{9D56F9DF-226A-42BD-8A4F-167420B5D8A1}.Debug|Any CPU.Build.0 = Debug|Any CPU
		{9D56F9DF-226A-42BD-8A4F-167420B5D8A1}.Debug|x64.ActiveCfg = Debug|Any CPU
		{9D56F9DF-226A-42BD-8A4F-167420B5D8A1}.Debug|x64.Build.0 = Debug|Any CPU
		{9D56F9DF-226A-42BD-8A4F-167420B5D8A1}.MSI|Any CPU.ActiveCfg = Debug|Any CPU
		{9D56F9DF-226A-42BD-8A4F-167420B5D8A1}.MSI|Any CPU.Build.0 = Debug|Any CPU
		{9D56F9DF-226A-42BD-8A4F-167420B5D8A1}.MSI|x64.ActiveCfg = Debug|Any CPU
		{9D56F9DF-226A-42BD-8A4F-167420B5D8A1}.MSI|x64.Build.0 = Debug|Any CPU
		{9D56F9DF-226A-42BD-8A4F-167420B5D8A1}.Release|Any CPU.ActiveCfg = Release|Any CPU
		{9D56F9DF-226A-42BD-8A4F-167420B5D8A1}.Release|Any CPU.Build.0 = Release|Any CPU
		{9D56F9DF-226A-42BD-8A4F-167420B5D8A1}.Release|x64.ActiveCfg = Release|Any CPU
		{9D56F9DF-226A-42BD-8A4F-167420B5D8A1}.Release|x64.Build.0 = Release|Any CPU
		{9D56F9DF-226A-42BD-8A4F-167420B5D8A1}.Release64|Any CPU.ActiveCfg = Release|Any CPU
		{9D56F9DF-226A-42BD-8A4F-167420B5D8A1}.Release64|Any CPU.Build.0 = Release|Any CPU
		{9D56F9DF-226A-42BD-8A4F-167420B5D8A1}.Release64|x64.ActiveCfg = Release|Any CPU
		{9D56F9DF-226A-42BD-8A4F-167420B5D8A1}.Release64|x64.Build.0 = Release|Any CPU
		{F850AEA2-ED3A-4E43-89F9-00591DA6EAC6}.Debug|Any CPU.ActiveCfg = Debug|Any CPU
		{F850AEA2-ED3A-4E43-89F9-00591DA6EAC6}.Debug|Any CPU.Build.0 = Debug|Any CPU
		{F850AEA2-ED3A-4E43-89F9-00591DA6EAC6}.Debug|x64.ActiveCfg = Debug|Any CPU
		{F850AEA2-ED3A-4E43-89F9-00591DA6EAC6}.Debug|x64.Build.0 = Debug|Any CPU
		{F850AEA2-ED3A-4E43-89F9-00591DA6EAC6}.MSI|Any CPU.ActiveCfg = Debug|Any CPU
		{F850AEA2-ED3A-4E43-89F9-00591DA6EAC6}.MSI|Any CPU.Build.0 = Debug|Any CPU
		{F850AEA2-ED3A-4E43-89F9-00591DA6EAC6}.MSI|x64.ActiveCfg = Debug|Any CPU
		{F850AEA2-ED3A-4E43-89F9-00591DA6EAC6}.MSI|x64.Build.0 = Debug|Any CPU
		{F850AEA2-ED3A-4E43-89F9-00591DA6EAC6}.Release|Any CPU.ActiveCfg = Release|Any CPU
		{F850AEA2-ED3A-4E43-89F9-00591DA6EAC6}.Release|Any CPU.Build.0 = Release|Any CPU
		{F850AEA2-ED3A-4E43-89F9-00591DA6EAC6}.Release|x64.ActiveCfg = Release|Any CPU
		{F850AEA2-ED3A-4E43-89F9-00591DA6EAC6}.Release|x64.Build.0 = Release|Any CPU
		{F850AEA2-ED3A-4E43-89F9-00591DA6EAC6}.Release64|Any CPU.ActiveCfg = Release|Any CPU
		{F850AEA2-ED3A-4E43-89F9-00591DA6EAC6}.Release64|Any CPU.Build.0 = Release|Any CPU
		{F850AEA2-ED3A-4E43-89F9-00591DA6EAC6}.Release64|x64.ActiveCfg = Release|Any CPU
		{F850AEA2-ED3A-4E43-89F9-00591DA6EAC6}.Release64|x64.Build.0 = Release|Any CPU
		{05B87731-46F3-4949-A223-CE71470DB8C2}.Debug|Any CPU.ActiveCfg = Debug|Any CPU
		{05B87731-46F3-4949-A223-CE71470DB8C2}.Debug|Any CPU.Build.0 = Debug|Any CPU
		{05B87731-46F3-4949-A223-CE71470DB8C2}.Debug|x64.ActiveCfg = Debug|Any CPU
		{05B87731-46F3-4949-A223-CE71470DB8C2}.Debug|x64.Build.0 = Debug|Any CPU
		{05B87731-46F3-4949-A223-CE71470DB8C2}.MSI|Any CPU.ActiveCfg = Debug|Any CPU
		{05B87731-46F3-4949-A223-CE71470DB8C2}.MSI|Any CPU.Build.0 = Debug|Any CPU
		{05B87731-46F3-4949-A223-CE71470DB8C2}.MSI|x64.ActiveCfg = Debug|Any CPU
		{05B87731-46F3-4949-A223-CE71470DB8C2}.MSI|x64.Build.0 = Debug|Any CPU
		{05B87731-46F3-4949-A223-CE71470DB8C2}.Release|Any CPU.ActiveCfg = Release|Any CPU
		{05B87731-46F3-4949-A223-CE71470DB8C2}.Release|Any CPU.Build.0 = Release|Any CPU
		{05B87731-46F3-4949-A223-CE71470DB8C2}.Release|x64.ActiveCfg = Release|Any CPU
		{05B87731-46F3-4949-A223-CE71470DB8C2}.Release|x64.Build.0 = Release|Any CPU
		{05B87731-46F3-4949-A223-CE71470DB8C2}.Release64|Any CPU.ActiveCfg = Release|Any CPU
		{05B87731-46F3-4949-A223-CE71470DB8C2}.Release64|Any CPU.Build.0 = Release|Any CPU
		{05B87731-46F3-4949-A223-CE71470DB8C2}.Release64|x64.ActiveCfg = Release|Any CPU
		{05B87731-46F3-4949-A223-CE71470DB8C2}.Release64|x64.Build.0 = Release|Any CPU
		{97D8861D-22B2-4F78-ACFA-82F523C1BE25}.Debug|Any CPU.ActiveCfg = Debug|Any CPU
		{97D8861D-22B2-4F78-ACFA-82F523C1BE25}.Debug|Any CPU.Build.0 = Debug|Any CPU
		{97D8861D-22B2-4F78-ACFA-82F523C1BE25}.Debug|x64.ActiveCfg = Debug|Any CPU
		{97D8861D-22B2-4F78-ACFA-82F523C1BE25}.Debug|x64.Build.0 = Debug|Any CPU
		{97D8861D-22B2-4F78-ACFA-82F523C1BE25}.MSI|Any CPU.ActiveCfg = Debug|Any CPU
		{97D8861D-22B2-4F78-ACFA-82F523C1BE25}.MSI|Any CPU.Build.0 = Debug|Any CPU
		{97D8861D-22B2-4F78-ACFA-82F523C1BE25}.MSI|x64.ActiveCfg = Debug|Any CPU
		{97D8861D-22B2-4F78-ACFA-82F523C1BE25}.MSI|x64.Build.0 = Debug|Any CPU
		{97D8861D-22B2-4F78-ACFA-82F523C1BE25}.Release|Any CPU.ActiveCfg = Release|Any CPU
		{97D8861D-22B2-4F78-ACFA-82F523C1BE25}.Release|Any CPU.Build.0 = Release|Any CPU
		{97D8861D-22B2-4F78-ACFA-82F523C1BE25}.Release|x64.ActiveCfg = Release|Any CPU
		{97D8861D-22B2-4F78-ACFA-82F523C1BE25}.Release|x64.Build.0 = Release|Any CPU
		{97D8861D-22B2-4F78-ACFA-82F523C1BE25}.Release64|Any CPU.ActiveCfg = Release|Any CPU
		{97D8861D-22B2-4F78-ACFA-82F523C1BE25}.Release64|Any CPU.Build.0 = Release|Any CPU
		{97D8861D-22B2-4F78-ACFA-82F523C1BE25}.Release64|x64.ActiveCfg = Release|Any CPU
		{97D8861D-22B2-4F78-ACFA-82F523C1BE25}.Release64|x64.Build.0 = Release|Any CPU
		{59E1259B-AB2A-43A9-AAF9-FE38148E9F76}.Debug|Any CPU.ActiveCfg = Debug|Any CPU
		{59E1259B-AB2A-43A9-AAF9-FE38148E9F76}.Debug|Any CPU.Build.0 = Debug|Any CPU
		{59E1259B-AB2A-43A9-AAF9-FE38148E9F76}.Debug|x64.ActiveCfg = Debug|Any CPU
		{59E1259B-AB2A-43A9-AAF9-FE38148E9F76}.Debug|x64.Build.0 = Debug|Any CPU
		{59E1259B-AB2A-43A9-AAF9-FE38148E9F76}.MSI|Any CPU.ActiveCfg = Debug|Any CPU
		{59E1259B-AB2A-43A9-AAF9-FE38148E9F76}.MSI|Any CPU.Build.0 = Debug|Any CPU
		{59E1259B-AB2A-43A9-AAF9-FE38148E9F76}.MSI|x64.ActiveCfg = Debug|Any CPU
		{59E1259B-AB2A-43A9-AAF9-FE38148E9F76}.MSI|x64.Build.0 = Debug|Any CPU
		{59E1259B-AB2A-43A9-AAF9-FE38148E9F76}.Release|Any CPU.ActiveCfg = Release|Any CPU
		{59E1259B-AB2A-43A9-AAF9-FE38148E9F76}.Release|Any CPU.Build.0 = Release|Any CPU
		{59E1259B-AB2A-43A9-AAF9-FE38148E9F76}.Release|x64.ActiveCfg = Release|Any CPU
		{59E1259B-AB2A-43A9-AAF9-FE38148E9F76}.Release|x64.Build.0 = Release|Any CPU
		{59E1259B-AB2A-43A9-AAF9-FE38148E9F76}.Release64|Any CPU.ActiveCfg = Release|Any CPU
		{59E1259B-AB2A-43A9-AAF9-FE38148E9F76}.Release64|Any CPU.Build.0 = Release|Any CPU
		{59E1259B-AB2A-43A9-AAF9-FE38148E9F76}.Release64|x64.ActiveCfg = Release|Any CPU
		{59E1259B-AB2A-43A9-AAF9-FE38148E9F76}.Release64|x64.Build.0 = Release|Any CPU
		{DD9D606C-DD15-43C6-AE69-E389DD039436}.Debug|Any CPU.ActiveCfg = Debug|Any CPU
		{DD9D606C-DD15-43C6-AE69-E389DD039436}.Debug|Any CPU.Build.0 = Debug|Any CPU
		{DD9D606C-DD15-43C6-AE69-E389DD039436}.Debug|x64.ActiveCfg = Debug|Any CPU
		{DD9D606C-DD15-43C6-AE69-E389DD039436}.Debug|x64.Build.0 = Debug|Any CPU
		{DD9D606C-DD15-43C6-AE69-E389DD039436}.MSI|Any CPU.ActiveCfg = Debug|Any CPU
		{DD9D606C-DD15-43C6-AE69-E389DD039436}.MSI|Any CPU.Build.0 = Debug|Any CPU
		{DD9D606C-DD15-43C6-AE69-E389DD039436}.MSI|x64.ActiveCfg = Debug|Any CPU
		{DD9D606C-DD15-43C6-AE69-E389DD039436}.MSI|x64.Build.0 = Debug|Any CPU
		{DD9D606C-DD15-43C6-AE69-E389DD039436}.Release|Any CPU.ActiveCfg = Release|Any CPU
		{DD9D606C-DD15-43C6-AE69-E389DD039436}.Release|Any CPU.Build.0 = Release|Any CPU
		{DD9D606C-DD15-43C6-AE69-E389DD039436}.Release|x64.ActiveCfg = Release|Any CPU
		{DD9D606C-DD15-43C6-AE69-E389DD039436}.Release|x64.Build.0 = Release|Any CPU
		{DD9D606C-DD15-43C6-AE69-E389DD039436}.Release64|Any CPU.ActiveCfg = Release|Any CPU
		{DD9D606C-DD15-43C6-AE69-E389DD039436}.Release64|Any CPU.Build.0 = Release|Any CPU
		{DD9D606C-DD15-43C6-AE69-E389DD039436}.Release64|x64.ActiveCfg = Release|Any CPU
		{DD9D606C-DD15-43C6-AE69-E389DD039436}.Release64|x64.Build.0 = Release|Any CPU
		{E72CEFAC-276E-46D7-88F9-9CFE292C9241}.Debug|Any CPU.ActiveCfg = Debug|Any CPU
		{E72CEFAC-276E-46D7-88F9-9CFE292C9241}.Debug|Any CPU.Build.0 = Debug|Any CPU
		{E72CEFAC-276E-46D7-88F9-9CFE292C9241}.Debug|x64.ActiveCfg = Debug|Any CPU
		{E72CEFAC-276E-46D7-88F9-9CFE292C9241}.Debug|x64.Build.0 = Debug|Any CPU
		{E72CEFAC-276E-46D7-88F9-9CFE292C9241}.MSI|Any CPU.ActiveCfg = Debug|Any CPU
		{E72CEFAC-276E-46D7-88F9-9CFE292C9241}.MSI|Any CPU.Build.0 = Debug|Any CPU
		{E72CEFAC-276E-46D7-88F9-9CFE292C9241}.MSI|x64.ActiveCfg = Debug|Any CPU
		{E72CEFAC-276E-46D7-88F9-9CFE292C9241}.MSI|x64.Build.0 = Debug|Any CPU
		{E72CEFAC-276E-46D7-88F9-9CFE292C9241}.Release|Any CPU.ActiveCfg = Release|Any CPU
		{E72CEFAC-276E-46D7-88F9-9CFE292C9241}.Release|Any CPU.Build.0 = Release|Any CPU
		{E72CEFAC-276E-46D7-88F9-9CFE292C9241}.Release|x64.ActiveCfg = Release|Any CPU
		{E72CEFAC-276E-46D7-88F9-9CFE292C9241}.Release|x64.Build.0 = Release|Any CPU
		{E72CEFAC-276E-46D7-88F9-9CFE292C9241}.Release64|Any CPU.ActiveCfg = Release|Any CPU
		{E72CEFAC-276E-46D7-88F9-9CFE292C9241}.Release64|Any CPU.Build.0 = Release|Any CPU
		{E72CEFAC-276E-46D7-88F9-9CFE292C9241}.Release64|x64.ActiveCfg = Release|Any CPU
		{E72CEFAC-276E-46D7-88F9-9CFE292C9241}.Release64|x64.Build.0 = Release|Any CPU
		{1E1CBE19-40E9-4FE2-8481-F9DE5BB2FD8B}.Debug|Any CPU.ActiveCfg = Debug|Any CPU
		{1E1CBE19-40E9-4FE2-8481-F9DE5BB2FD8B}.Debug|Any CPU.Build.0 = Debug|Any CPU
		{1E1CBE19-40E9-4FE2-8481-F9DE5BB2FD8B}.Debug|x64.ActiveCfg = Debug|Any CPU
		{1E1CBE19-40E9-4FE2-8481-F9DE5BB2FD8B}.Debug|x64.Build.0 = Debug|Any CPU
		{1E1CBE19-40E9-4FE2-8481-F9DE5BB2FD8B}.MSI|Any CPU.ActiveCfg = Debug|Any CPU
		{1E1CBE19-40E9-4FE2-8481-F9DE5BB2FD8B}.MSI|Any CPU.Build.0 = Debug|Any CPU
		{1E1CBE19-40E9-4FE2-8481-F9DE5BB2FD8B}.MSI|x64.ActiveCfg = Debug|Any CPU
		{1E1CBE19-40E9-4FE2-8481-F9DE5BB2FD8B}.MSI|x64.Build.0 = Debug|Any CPU
		{1E1CBE19-40E9-4FE2-8481-F9DE5BB2FD8B}.Release|Any CPU.ActiveCfg = Release|Any CPU
		{1E1CBE19-40E9-4FE2-8481-F9DE5BB2FD8B}.Release|Any CPU.Build.0 = Release|Any CPU
		{1E1CBE19-40E9-4FE2-8481-F9DE5BB2FD8B}.Release|x64.ActiveCfg = Release|Any CPU
		{1E1CBE19-40E9-4FE2-8481-F9DE5BB2FD8B}.Release|x64.Build.0 = Release|Any CPU
		{1E1CBE19-40E9-4FE2-8481-F9DE5BB2FD8B}.Release64|Any CPU.ActiveCfg = Release|Any CPU
		{1E1CBE19-40E9-4FE2-8481-F9DE5BB2FD8B}.Release64|Any CPU.Build.0 = Release|Any CPU
		{1E1CBE19-40E9-4FE2-8481-F9DE5BB2FD8B}.Release64|x64.ActiveCfg = Release|Any CPU
		{1E1CBE19-40E9-4FE2-8481-F9DE5BB2FD8B}.Release64|x64.Build.0 = Release|Any CPU
		{6A3CDD73-DFBF-4687-B439-5A37800682C9}.Debug|Any CPU.ActiveCfg = Debug|Any CPU
		{6A3CDD73-DFBF-4687-B439-5A37800682C9}.Debug|Any CPU.Build.0 = Debug|Any CPU
		{6A3CDD73-DFBF-4687-B439-5A37800682C9}.Debug|x64.ActiveCfg = Debug|Any CPU
		{6A3CDD73-DFBF-4687-B439-5A37800682C9}.Debug|x64.Build.0 = Debug|Any CPU
		{6A3CDD73-DFBF-4687-B439-5A37800682C9}.MSI|Any CPU.ActiveCfg = Debug|Any CPU
		{6A3CDD73-DFBF-4687-B439-5A37800682C9}.MSI|Any CPU.Build.0 = Debug|Any CPU
		{6A3CDD73-DFBF-4687-B439-5A37800682C9}.MSI|x64.ActiveCfg = Debug|Any CPU
		{6A3CDD73-DFBF-4687-B439-5A37800682C9}.MSI|x64.Build.0 = Debug|Any CPU
		{6A3CDD73-DFBF-4687-B439-5A37800682C9}.Release|Any CPU.ActiveCfg = Release|Any CPU
		{6A3CDD73-DFBF-4687-B439-5A37800682C9}.Release|Any CPU.Build.0 = Release|Any CPU
		{6A3CDD73-DFBF-4687-B439-5A37800682C9}.Release|x64.ActiveCfg = Release|Any CPU
		{6A3CDD73-DFBF-4687-B439-5A37800682C9}.Release|x64.Build.0 = Release|Any CPU
		{6A3CDD73-DFBF-4687-B439-5A37800682C9}.Release64|Any CPU.ActiveCfg = Release|Any CPU
		{6A3CDD73-DFBF-4687-B439-5A37800682C9}.Release64|Any CPU.Build.0 = Release|Any CPU
		{6A3CDD73-DFBF-4687-B439-5A37800682C9}.Release64|x64.ActiveCfg = Release|Any CPU
		{6A3CDD73-DFBF-4687-B439-5A37800682C9}.Release64|x64.Build.0 = Release|Any CPU
		{E525FB41-E57E-4299-B2B7-83F213A1B816}.Debug|Any CPU.ActiveCfg = Debug|Any CPU
		{E525FB41-E57E-4299-B2B7-83F213A1B816}.Debug|Any CPU.Build.0 = Debug|Any CPU
		{E525FB41-E57E-4299-B2B7-83F213A1B816}.Debug|x64.ActiveCfg = Debug|Any CPU
		{E525FB41-E57E-4299-B2B7-83F213A1B816}.Debug|x64.Build.0 = Debug|Any CPU
		{E525FB41-E57E-4299-B2B7-83F213A1B816}.MSI|Any CPU.ActiveCfg = Debug|Any CPU
		{E525FB41-E57E-4299-B2B7-83F213A1B816}.MSI|Any CPU.Build.0 = Debug|Any CPU
		{E525FB41-E57E-4299-B2B7-83F213A1B816}.MSI|x64.ActiveCfg = Debug|Any CPU
		{E525FB41-E57E-4299-B2B7-83F213A1B816}.MSI|x64.Build.0 = Debug|Any CPU
		{E525FB41-E57E-4299-B2B7-83F213A1B816}.Release|Any CPU.ActiveCfg = Release|Any CPU
		{E525FB41-E57E-4299-B2B7-83F213A1B816}.Release|Any CPU.Build.0 = Release|Any CPU
		{E525FB41-E57E-4299-B2B7-83F213A1B816}.Release|x64.ActiveCfg = Release|Any CPU
		{E525FB41-E57E-4299-B2B7-83F213A1B816}.Release|x64.Build.0 = Release|Any CPU
		{E525FB41-E57E-4299-B2B7-83F213A1B816}.Release64|Any CPU.ActiveCfg = Release|Any CPU
		{E525FB41-E57E-4299-B2B7-83F213A1B816}.Release64|Any CPU.Build.0 = Release|Any CPU
		{E525FB41-E57E-4299-B2B7-83F213A1B816}.Release64|x64.ActiveCfg = Release|Any CPU
		{E525FB41-E57E-4299-B2B7-83F213A1B816}.Release64|x64.Build.0 = Release|Any CPU
		{A8926C51-BBB1-45D7-8ED6-F78CF7476A17}.Debug|Any CPU.ActiveCfg = Debug|Any CPU
		{A8926C51-BBB1-45D7-8ED6-F78CF7476A17}.Debug|Any CPU.Build.0 = Debug|Any CPU
		{A8926C51-BBB1-45D7-8ED6-F78CF7476A17}.Debug|x64.ActiveCfg = Debug|Any CPU
		{A8926C51-BBB1-45D7-8ED6-F78CF7476A17}.Debug|x64.Build.0 = Debug|Any CPU
		{A8926C51-BBB1-45D7-8ED6-F78CF7476A17}.MSI|Any CPU.ActiveCfg = Debug|Any CPU
		{A8926C51-BBB1-45D7-8ED6-F78CF7476A17}.MSI|Any CPU.Build.0 = Debug|Any CPU
		{A8926C51-BBB1-45D7-8ED6-F78CF7476A17}.MSI|x64.ActiveCfg = Debug|Any CPU
		{A8926C51-BBB1-45D7-8ED6-F78CF7476A17}.MSI|x64.Build.0 = Debug|Any CPU
		{A8926C51-BBB1-45D7-8ED6-F78CF7476A17}.Release|Any CPU.ActiveCfg = Release|Any CPU
		{A8926C51-BBB1-45D7-8ED6-F78CF7476A17}.Release|Any CPU.Build.0 = Release|Any CPU
		{A8926C51-BBB1-45D7-8ED6-F78CF7476A17}.Release|x64.ActiveCfg = Release|Any CPU
		{A8926C51-BBB1-45D7-8ED6-F78CF7476A17}.Release|x64.Build.0 = Release|Any CPU
		{A8926C51-BBB1-45D7-8ED6-F78CF7476A17}.Release64|Any CPU.ActiveCfg = Release|Any CPU
		{A8926C51-BBB1-45D7-8ED6-F78CF7476A17}.Release64|Any CPU.Build.0 = Release|Any CPU
		{A8926C51-BBB1-45D7-8ED6-F78CF7476A17}.Release64|x64.ActiveCfg = Release|Any CPU
		{A8926C51-BBB1-45D7-8ED6-F78CF7476A17}.Release64|x64.Build.0 = Release|Any CPU
		{00F8A335-B3B1-4CCD-97B4-36AA022CB658}.Debug|Any CPU.ActiveCfg = Debug|Any CPU
		{00F8A335-B3B1-4CCD-97B4-36AA022CB658}.Debug|Any CPU.Build.0 = Debug|Any CPU
		{00F8A335-B3B1-4CCD-97B4-36AA022CB658}.Debug|x64.ActiveCfg = Debug|Any CPU
		{00F8A335-B3B1-4CCD-97B4-36AA022CB658}.Debug|x64.Build.0 = Debug|Any CPU
		{00F8A335-B3B1-4CCD-97B4-36AA022CB658}.MSI|Any CPU.ActiveCfg = Debug|Any CPU
		{00F8A335-B3B1-4CCD-97B4-36AA022CB658}.MSI|Any CPU.Build.0 = Debug|Any CPU
		{00F8A335-B3B1-4CCD-97B4-36AA022CB658}.MSI|x64.ActiveCfg = Debug|Any CPU
		{00F8A335-B3B1-4CCD-97B4-36AA022CB658}.MSI|x64.Build.0 = Debug|Any CPU
		{00F8A335-B3B1-4CCD-97B4-36AA022CB658}.Release|Any CPU.ActiveCfg = Release|Any CPU
		{00F8A335-B3B1-4CCD-97B4-36AA022CB658}.Release|Any CPU.Build.0 = Release|Any CPU
		{00F8A335-B3B1-4CCD-97B4-36AA022CB658}.Release|x64.ActiveCfg = Release|Any CPU
		{00F8A335-B3B1-4CCD-97B4-36AA022CB658}.Release|x64.Build.0 = Release|Any CPU
		{00F8A335-B3B1-4CCD-97B4-36AA022CB658}.Release64|Any CPU.ActiveCfg = Release|Any CPU
		{00F8A335-B3B1-4CCD-97B4-36AA022CB658}.Release64|Any CPU.Build.0 = Release|Any CPU
		{00F8A335-B3B1-4CCD-97B4-36AA022CB658}.Release64|x64.ActiveCfg = Release|Any CPU
		{00F8A335-B3B1-4CCD-97B4-36AA022CB658}.Release64|x64.Build.0 = Release|Any CPU
		{140F8768-AD8A-43BB-81F7-E925C85C4026}.Debug|Any CPU.ActiveCfg = Debug|Any CPU
		{140F8768-AD8A-43BB-81F7-E925C85C4026}.Debug|Any CPU.Build.0 = Debug|Any CPU
		{140F8768-AD8A-43BB-81F7-E925C85C4026}.Debug|x64.ActiveCfg = Debug|Any CPU
		{140F8768-AD8A-43BB-81F7-E925C85C4026}.Debug|x64.Build.0 = Debug|Any CPU
		{140F8768-AD8A-43BB-81F7-E925C85C4026}.MSI|Any CPU.ActiveCfg = Debug|Any CPU
		{140F8768-AD8A-43BB-81F7-E925C85C4026}.MSI|Any CPU.Build.0 = Debug|Any CPU
		{140F8768-AD8A-43BB-81F7-E925C85C4026}.MSI|x64.ActiveCfg = Debug|Any CPU
		{140F8768-AD8A-43BB-81F7-E925C85C4026}.MSI|x64.Build.0 = Debug|Any CPU
		{140F8768-AD8A-43BB-81F7-E925C85C4026}.Release|Any CPU.ActiveCfg = Release|Any CPU
		{140F8768-AD8A-43BB-81F7-E925C85C4026}.Release|Any CPU.Build.0 = Release|Any CPU
		{140F8768-AD8A-43BB-81F7-E925C85C4026}.Release|x64.ActiveCfg = Release|Any CPU
		{140F8768-AD8A-43BB-81F7-E925C85C4026}.Release|x64.Build.0 = Release|Any CPU
		{140F8768-AD8A-43BB-81F7-E925C85C4026}.Release64|Any CPU.ActiveCfg = Release|Any CPU
		{140F8768-AD8A-43BB-81F7-E925C85C4026}.Release64|Any CPU.Build.0 = Release|Any CPU
		{140F8768-AD8A-43BB-81F7-E925C85C4026}.Release64|x64.ActiveCfg = Release|Any CPU
		{140F8768-AD8A-43BB-81F7-E925C85C4026}.Release64|x64.Build.0 = Release|Any CPU
		{35D1CB6F-6E10-49B7-926B-A37B07777F1A}.Debug|Any CPU.ActiveCfg = Debug|Any CPU
		{35D1CB6F-6E10-49B7-926B-A37B07777F1A}.Debug|Any CPU.Build.0 = Debug|Any CPU
		{35D1CB6F-6E10-49B7-926B-A37B07777F1A}.Debug|x64.ActiveCfg = Debug|Any CPU
		{35D1CB6F-6E10-49B7-926B-A37B07777F1A}.Debug|x64.Build.0 = Debug|Any CPU
		{35D1CB6F-6E10-49B7-926B-A37B07777F1A}.MSI|Any CPU.ActiveCfg = Debug|Any CPU
		{35D1CB6F-6E10-49B7-926B-A37B07777F1A}.MSI|Any CPU.Build.0 = Debug|Any CPU
		{35D1CB6F-6E10-49B7-926B-A37B07777F1A}.MSI|x64.ActiveCfg = Debug|Any CPU
		{35D1CB6F-6E10-49B7-926B-A37B07777F1A}.MSI|x64.Build.0 = Debug|Any CPU
		{35D1CB6F-6E10-49B7-926B-A37B07777F1A}.Release|Any CPU.ActiveCfg = Release|Any CPU
		{35D1CB6F-6E10-49B7-926B-A37B07777F1A}.Release|Any CPU.Build.0 = Release|Any CPU
		{35D1CB6F-6E10-49B7-926B-A37B07777F1A}.Release|x64.ActiveCfg = Release|Any CPU
		{35D1CB6F-6E10-49B7-926B-A37B07777F1A}.Release|x64.Build.0 = Release|Any CPU
		{35D1CB6F-6E10-49B7-926B-A37B07777F1A}.Release64|Any CPU.ActiveCfg = Release|Any CPU
		{35D1CB6F-6E10-49B7-926B-A37B07777F1A}.Release64|Any CPU.Build.0 = Release|Any CPU
		{35D1CB6F-6E10-49B7-926B-A37B07777F1A}.Release64|x64.ActiveCfg = Release|Any CPU
		{35D1CB6F-6E10-49B7-926B-A37B07777F1A}.Release64|x64.Build.0 = Release|Any CPU
		{DCC1EC28-B32D-474E-BF38-227A031EF10C}.Debug|Any CPU.ActiveCfg = Debug|Any CPU
		{DCC1EC28-B32D-474E-BF38-227A031EF10C}.Debug|Any CPU.Build.0 = Debug|Any CPU
		{DCC1EC28-B32D-474E-BF38-227A031EF10C}.Debug|x64.ActiveCfg = Debug|Any CPU
		{DCC1EC28-B32D-474E-BF38-227A031EF10C}.Debug|x64.Build.0 = Debug|Any CPU
		{DCC1EC28-B32D-474E-BF38-227A031EF10C}.MSI|Any CPU.ActiveCfg = Debug|Any CPU
		{DCC1EC28-B32D-474E-BF38-227A031EF10C}.MSI|Any CPU.Build.0 = Debug|Any CPU
		{DCC1EC28-B32D-474E-BF38-227A031EF10C}.MSI|x64.ActiveCfg = Debug|Any CPU
		{DCC1EC28-B32D-474E-BF38-227A031EF10C}.MSI|x64.Build.0 = Debug|Any CPU
		{DCC1EC28-B32D-474E-BF38-227A031EF10C}.Release|Any CPU.ActiveCfg = Release|Any CPU
		{DCC1EC28-B32D-474E-BF38-227A031EF10C}.Release|Any CPU.Build.0 = Release|Any CPU
		{DCC1EC28-B32D-474E-BF38-227A031EF10C}.Release|x64.ActiveCfg = Release|Any CPU
		{DCC1EC28-B32D-474E-BF38-227A031EF10C}.Release|x64.Build.0 = Release|Any CPU
		{DCC1EC28-B32D-474E-BF38-227A031EF10C}.Release64|Any CPU.ActiveCfg = Release|Any CPU
		{DCC1EC28-B32D-474E-BF38-227A031EF10C}.Release64|Any CPU.Build.0 = Release|Any CPU
		{DCC1EC28-B32D-474E-BF38-227A031EF10C}.Release64|x64.ActiveCfg = Release|Any CPU
		{DCC1EC28-B32D-474E-BF38-227A031EF10C}.Release64|x64.Build.0 = Release|Any CPU
	EndGlobalSection
	GlobalSection(SolutionProperties) = preSolution
		HideSolutionNode = FALSE
	EndGlobalSection
	GlobalSection(NestedProjects) = preSolution
		{1DC7EA39-865D-4386-A814-9062441056FE} = {0F04E164-8FAA-4DC7-AC3D-4EA585E7BB94}
		{BB72FF55-203D-4908-A396-1BF223473F3D} = {0F04E164-8FAA-4DC7-AC3D-4EA585E7BB94}
		{5B3CA328-4AFC-4F8E-BE25-75AACCFF5D54} = {0F04E164-8FAA-4DC7-AC3D-4EA585E7BB94}
		{90C95503-CDA6-46E1-91AF-3A52D04DBCC3} = {0F04E164-8FAA-4DC7-AC3D-4EA585E7BB94}
		{4535C5E6-A44E-4952-8EDB-BA207B16B8A8} = {0F04E164-8FAA-4DC7-AC3D-4EA585E7BB94}
		{4CE1ABCC-AFB2-4C15-A5EF-5A01F4A1F7A6} = {1961554B-B5C8-4360-B3DE-823A0EDE24FA}
		{85046FC6-FD74-4663-9C4C-97B7851567A3} = {1961554B-B5C8-4360-B3DE-823A0EDE24FA}
		{9D56F9DF-226A-42BD-8A4F-167420B5D8A1} = {1961554B-B5C8-4360-B3DE-823A0EDE24FA}
		{F850AEA2-ED3A-4E43-89F9-00591DA6EAC6} = {1961554B-B5C8-4360-B3DE-823A0EDE24FA}
		{05B87731-46F3-4949-A223-CE71470DB8C2} = {FF94AFC1-0D4E-4BDB-93CD-E831E0EBC8E7}
		{97D8861D-22B2-4F78-ACFA-82F523C1BE25} = {FF94AFC1-0D4E-4BDB-93CD-E831E0EBC8E7}
		{59E1259B-AB2A-43A9-AAF9-FE38148E9F76} = {B68EEFE2-38F9-43AF-AF3B-FAA504B35CC7}
		{DD9D606C-DD15-43C6-AE69-E389DD039436} = {FF94AFC1-0D4E-4BDB-93CD-E831E0EBC8E7}
		{E72CEFAC-276E-46D7-88F9-9CFE292C9241} = {B68EEFE2-38F9-43AF-AF3B-FAA504B35CC7}
		{1E1CBE19-40E9-4FE2-8481-F9DE5BB2FD8B} = {B68EEFE2-38F9-43AF-AF3B-FAA504B35CC7}
		{6A3CDD73-DFBF-4687-B439-5A37800682C9} = {B68EEFE2-38F9-43AF-AF3B-FAA504B35CC7}
		{E525FB41-E57E-4299-B2B7-83F213A1B816} = {FF94AFC1-0D4E-4BDB-93CD-E831E0EBC8E7}
		{A8926C51-BBB1-45D7-8ED6-F78CF7476A17} = {FF94AFC1-0D4E-4BDB-93CD-E831E0EBC8E7}
		{00F8A335-B3B1-4CCD-97B4-36AA022CB658} = {FF94AFC1-0D4E-4BDB-93CD-E831E0EBC8E7}
		{140F8768-AD8A-43BB-81F7-E925C85C4026} = {0F04E164-8FAA-4DC7-AC3D-4EA585E7BB94}
		{35D1CB6F-6E10-49B7-926B-A37B07777F1A} = {FF94AFC1-0D4E-4BDB-93CD-E831E0EBC8E7}
		{DCC1EC28-B32D-474E-BF38-227A031EF10C} = {B68EEFE2-38F9-43AF-AF3B-FAA504B35CC7}
	EndGlobalSection
	GlobalSection(ExtensibilityGlobals) = postSolution
		SolutionGuid = {F6EBA67E-42ED-4117-8F04-F6E1E6CB5D98}
	EndGlobalSection
EndGlobal
